PODS:
  - Alamofire (4.7.3)
  - FoldingCell (3.1.2)
  - SlideMenuControllerSwift (4.0.0)
  - SnapKit (4.0.0)

DEPENDENCIES:
  - Alamofire (~> 4.7.3)
  - FoldingCell (~> 3.1.2)
  - SlideMenuControllerSwift
  - SnapKit (~> 4.0.0)

SPEC REPOS:
  https://github.com/cocoapods/specs.git:
    - Alamofire
    - FoldingCell
    - SlideMenuControllerSwift
    - SnapKit

SPEC CHECKSUMS:
  Alamofire: c7287b6e5d7da964a70935e5db17046b7fde6568
  FoldingCell: e9b02668b89af673c377cb9560edcc4c6b293a95
  SlideMenuControllerSwift: 021d6318201c53d4d4d3710517d43d6c556c7dd0
  SnapKit: a42d492c16e80209130a3379f73596c3454b7694

PODFILE CHECKSUM: 20fa27fd55e316af406ec4a1b10cd85e0c69aa53

COCOAPODS: 1.5.3
